{
  "nodes": {
    "mybash": {
      "flake": false,
      "locked": {
        "lastModified": 1774215055,
        "narHash": "sha256-5xKoqh1+L0+KXChrm1cdHSQX68y3U2T7JD0UqOrkCsc=",
        "owner": "dorianleveque",
        "repo": "mybash",
        "rev": "d27252b3664b561b4f55a7769cfc3aaf3bf33a73",
        "type": "github"
      },
      "original": {
        "owner": "dorianleveque",
        "repo": "mybash",
        "type": "github"
      }
    },
    "nixpkgs": {
      "locked": {
        "lastModified": 1775002709,
        "narHash": "sha256-d3Yx83vSrN+2z/loBh4mJpyRqr9aAJqlke4TkpFmRJA=",
        "owner": "NixOS",
        "repo": "nixpkgs",
        "rev": "bcd464ccd2a1a7cd09aa2f8d4ffba83b761b1d0e",
        "type": "github"
      },
      "original": {
        "owner": "NixOS",
        "ref": "nixos-25.11",
        "repo": "nixpkgs",
        "type": "github"
      }
    },
    "root": {
      "inputs": {
        "mybash": "mybash",
        "nixpkgs": "nixpkgs"
      }
    }
  },
  "root": "root",
  "version": 7
}
