{
  "nodes": {
    "mybash": {
      "flake": false,
      "locked": {
        "lastModified": 1782841449,
        "narHash": "sha256-zRnlis2q6bgGC9wo2Hboe8+EYO28R7tEUonT+OqhN9I=",
        "owner": "dorianleveque",
        "repo": "mybash",
        "rev": "963e3f2031aa2ba2177bcacf5bc75162237aa0b9",
        "type": "github"
      },
      "original": {
        "owner": "dorianleveque",
        "repo": "mybash",
        "type": "github"
      }
    },
    "nixpkgs": {
      "locked": {
        "lastModified": 1784707089,
        "narHash": "sha256-2V/6imsUgB7mPZlHY54oeVBRDoZbPKnvzwkAHUSSufk=",
        "owner": "NixOS",
        "repo": "nixpkgs",
        "rev": "b3fe9581c9061c749abef42b6d4ee7b7c05c33fa",
        "type": "github"
      },
      "original": {
        "owner": "NixOS",
        "ref": "nixos-26.05",
        "repo": "nixpkgs",
        "type": "github"
      }
    },
    "root": {
      "inputs": {
        "mybash": "mybash",
        "nixpkgs": "nixpkgs"
      }
    }
  },
  "root": "root",
  "version": 7
}
