{
  "nodes": {
    "mybash": {
      "flake": false,
      "locked": {
        "lastModified": 1782841449,
        "narHash": "sha256-zRnlis2q6bgGC9wo2Hboe8+EYO28R7tEUonT+OqhN9I=",
        "owner": "dorianleveque",
        "repo": "mybash",
        "rev": "963e3f2031aa2ba2177bcacf5bc75162237aa0b9",
        "type": "github"
      },
      "original": {
        "owner": "dorianleveque",
        "repo": "mybash",
        "type": "github"
      }
    },
    "nixpkgs": {
      "locked": {
        "lastModified": 1788584326,
        "narHash": "sha256-Fd3OB8J9JhgliQwOKcqx4M672CInxi1I5VnwsaXeSQo=",
        "owner": "NixOS",
        "repo": "nixpkgs",
        "rev": "6713828a351efa628b025a1adf7f43cbf8597513",
        "type": "github"
      },
      "original": {
        "owner": "NixOS",
        "ref": "nixos-26.05",
        "repo": "nixpkgs",
        "type": "github"
      }
    },
    "root": {
      "inputs": {
        "mybash": "mybash",
        "nixpkgs": "nixpkgs"
      }
    }
  },
  "root": "root",
  "version": 7
}
