name: Update flake.lock

on:
  schedule:
    - cron: "0 3 * * *" # launch the action every day at 3am
  workflow_dispatch: # allow manual launch from GitHub

jobs:
  update:
    runs-on: ubuntu-latest
    steps:
      - name: Checkout
        uses: actions/checkout@v4

      - name: Install Nix
        uses: DeterminateSystems/nix-installer-action@main

      - name: Update flake.lock
        run: nix flake update

      - name: Create Pull Request
        uses: peter-evans/create-pull-request@v6
        with:
          token: ${{ secrets.GITHUB_TOKEN  }}
          branch: update-flake-lock
          title: "chore: update flake.lock $(date +'%Y-%m-%d')"
          body: "Mise à jour automatique du flake.lock"
          base: main
          auto-merge: squash
